
Microsoft Visual Studio Solution File, Format Version 12.00
# Visual Studio Version 17
VisualStudioVersion = 17.0.31903.59
MinimumVisualStudioVersion = 10.0.40219.1
Project("{2150E333-8FDC-42A3-9474-1A3956D46DE8}") = "src", "src", "{827E0CD3-B72D-47B6-A68D-7590B98EB39B}"
EndProject
Project("{FAE04EC0-301F-11D3-BF4B-00C04F79EFBC}") = "AddToolBox.App", "src\AddToolBox.App\AddToolBox.App.csproj", "{93317456-EB1E-44A7-8AC0-E8F6AE67DE62}"
EndProject
Project("{FAE04EC0-301F-11D3-BF4B-00C04F79EFBC}") = "AddToolBox.Core", "src\AddToolBox.Core\AddToolBox.Core.csproj", "{2D5A7305-36AA-4A53-8A5F-82F4C82D3C9B}"
EndProject
Project("{FAE04EC0-301F-11D3-BF4B-00C04F79EFBC}") = "AddToolBox.SDK", "src\AddToolBox.SDK\AddToolBox.SDK.csproj", "{71B014C5-8195-49E4-B0C1-04C82BA4EA00}"
EndProject
Project("{FAE04EC0-301F-11D3-BF4B-00C04F79EFBC}") = "AddToolBox.Infrastructure", "src\AddToolBox.Infrastructure\AddToolBox.Infrastructure.csproj", "{C6E6040D-7BF9-4FD4-84DB-0D96F22325D9}"
EndProject
Project("{FAE04EC0-301F-11D3-BF4B-00C04F79EFBC}") = "AddToolBox.UI", "src\AddToolBox.UI\AddToolBox.UI.csproj", "{2D52CD2F-2CF1-4041-B144-CAF55BCDC32E}"
EndProject
Global
	GlobalSection(SolutionConfigurationPlatforms) = preSolution
		Debug|Any CPU = Debug|Any CPU
		Debug|x64 = Debug|x64
		Debug|x86 = Debug|x86
		Release|Any CPU = Release|Any CPU
		Release|x64 = Release|x64
		Release|x86 = Release|x86
	EndGlobalSection
	GlobalSection(ProjectConfigurationPlatforms) = postSolution
		{93317456-EB1E-44A7-8AC0-E8F6AE67DE62}.Debug|Any CPU.ActiveCfg = Debug|Any CPU
		{93317456-EB1E-44A7-8AC0-E8F6AE67DE62}.Debug|Any CPU.Build.0 = Debug|Any CPU
		{93317456-EB1E-44A7-8AC0-E8F6AE67DE62}.Debug|x64.ActiveCfg = Debug|Any CPU
		{93317456-EB1E-44A7-8AC0-E8F6AE67DE62}.Debug|x64.Build.0 = Debug|Any CPU
		{93317456-EB1E-44A7-8AC0-E8F6AE67DE62}.Debug|x86.ActiveCfg = Debug|Any CPU
		{93317456-EB1E-44A7-8AC0-E8F6AE67DE62}.Debug|x86.Build.0 = Debug|Any CPU
		{93317456-EB1E-44A7-8AC0-E8F6AE67DE62}.Release|Any CPU.ActiveCfg = Release|Any CPU
		{93317456-EB1E-44A7-8AC0-E8F6AE67DE62}.Release|Any CPU.Build.0 = Release|Any CPU
		{93317456-EB1E-44A7-8AC0-E8F6AE67DE62}.Release|x64.ActiveCfg = Release|Any CPU
		{93317456-EB1E-44A7-8AC0-E8F6AE67DE62}.Release|x64.Build.0 = Release|Any CPU
		{93317456-EB1E-44A7-8AC0-E8F6AE67DE62}.Release|x86.ActiveCfg = Release|Any CPU
		{93317456-EB1E-44A7-8AC0-E8F6AE67DE62}.Release|x86.Build.0 = Release|Any CPU
		{2D5A7305-36AA-4A53-8A5F-82F4C82D3C9B}.Debug|Any CPU.ActiveCfg = Debug|Any CPU
		{2D5A7305-36AA-4A53-8A5F-82F4C82D3C9B}.Debug|Any CPU.Build.0 = Debug|Any CPU
		{2D5A7305-36AA-4A53-8A5F-82F4C82D3C9B}.Debug|x64.ActiveCfg = Debug|Any CPU
		{2D5A7305-36AA-4A53-8A5F-82F4C82D3C9B}.Debug|x64.Build.0 = Debug|Any CPU
		{2D5A7305-36AA-4A53-8A5F-82F4C82D3C9B}.Debug|x86.ActiveCfg = Debug|Any CPU
		{2D5A7305-36AA-4A53-8A5F-82F4C82D3C9B}.Debug|x86.Build.0 = Debug|Any CPU
		{2D5A7305-36AA-4A53-8A5F-82F4C82D3C9B}.Release|Any CPU.ActiveCfg = Release|Any CPU
		{2D5A7305-36AA-4A53-8A5F-82F4C82D3C9B}.Release|Any CPU.Build.0 = Release|Any CPU
		{2D5A7305-36AA-4A53-8A5F-82F4C82D3C9B}.Release|x64.ActiveCfg = Release|Any CPU
		{2D5A7305-36AA-4A53-8A5F-82F4C82D3C9B}.Release|x64.Build.0 = Release|Any CPU
		{2D5A7305-36AA-4A53-8A5F-82F4C82D3C9B}.Release|x86.ActiveCfg = Release|Any CPU
		{2D5A7305-36AA-4A53-8A5F-82F4C82D3C9B}.Release|x86.Build.0 = Release|Any CPU
		{71B014C5-8195-49E4-B0C1-04C82BA4EA00}.Debug|Any CPU.ActiveCfg = Debug|Any CPU
		{71B014C5-8195-49E4-B0C1-04C82BA4EA00}.Debug|Any CPU.Build.0 = Debug|Any CPU
		{71B014C5-8195-49E4-B0C1-04C82BA4EA00}.Debug|x64.ActiveCfg = Debug|Any CPU
		{71B014C5-8195-49E4-B0C1-04C82BA4EA00}.Debug|x64.Build.0 = Debug|Any CPU
		{71B014C5-8195-49E4-B0C1-04C82BA4EA00}.Debug|x86.ActiveCfg = Debug|Any CPU
		{71B014C5-8195-49E4-B0C1-04C82BA4EA00}.Debug|x86.Build.0 = Debug|Any CPU
		{71B014C5-8195-49E4-B0C1-04C82BA4EA00}.Release|Any CPU.ActiveCfg = Release|Any CPU
		{71B014C5-8195-49E4-B0C1-04C82BA4EA00}.Release|Any CPU.Build.0 = Release|Any CPU
		{71B014C5-8195-49E4-B0C1-04C82BA4EA00}.Release|x64.ActiveCfg = Release|Any CPU
		{71B014C5-8195-49E4-B0C1-04C82BA4EA00}.Release|x64.Build.0 = Release|Any CPU
		{71B014C5-8195-49E4-B0C1-04C82BA4EA00}.Release|x86.ActiveCfg = Release|Any CPU
		{71B014C5-8195-49E4-B0C1-04C82BA4EA00}.Release|x86.Build.0 = Release|Any CPU
		{C6E6040D-7BF9-4FD4-84DB-0D96F22325D9}.Debug|Any CPU.ActiveCfg = Debug|Any CPU
		{C6E6040D-7BF9-4FD4-84DB-0D96F22325D9}.Debug|Any CPU.Build.0 = Debug|Any CPU
		{C6E6040D-7BF9-4FD4-84DB-0D96F22325D9}.Debug|x64.ActiveCfg = Debug|Any CPU
		{C6E6040D-7BF9-4FD4-84DB-0D96F22325D9}.Debug|x64.Build.0 = Debug|Any CPU
		{C6E6040D-7BF9-4FD4-84DB-0D96F22325D9}.Debug|x86.ActiveCfg = Debug|Any CPU
		{C6E6040D-7BF9-4FD4-84DB-0D96F22325D9}.Debug|x86.Build.0 = Debug|Any CPU
		{C6E6040D-7BF9-4FD4-84DB-0D96F22325D9}.Release|Any CPU.ActiveCfg = Release|Any CPU
		{C6E6040D-7BF9-4FD4-84DB-0D96F22325D9}.Release|Any CPU.Build.0 = Release|Any CPU
		{C6E6040D-7BF9-4FD4-84DB-0D96F22325D9}.Release|x64.ActiveCfg = Release|Any CPU
		{C6E6040D-7BF9-4FD4-84DB-0D96F22325D9}.Release|x64.Build.0 = Release|Any CPU
		{C6E6040D-7BF9-4FD4-84DB-0D96F22325D9}.Release|x86.ActiveCfg = Release|Any CPU
		{C6E6040D-7BF9-4FD4-84DB-0D96F22325D9}.Release|x86.Build.0 = Release|Any CPU
		{2D52CD2F-2CF1-4041-B144-CAF55BCDC32E}.Debug|Any CPU.ActiveCfg = Debug|Any CPU
		{2D52CD2F-2CF1-4041-B144-CAF55BCDC32E}.Debug|Any CPU.Build.0 = Debug|Any CPU
		{2D52CD2F-2CF1-4041-B144-CAF55BCDC32E}.Debug|x64.ActiveCfg = Debug|Any CPU
		{2D52CD2F-2CF1-4041-B144-CAF55BCDC32E}.Debug|x64.Build.0 = Debug|Any CPU
		{2D52CD2F-2CF1-4041-B144-CAF55BCDC32E}.Debug|x86.ActiveCfg = Debug|Any CPU
		{2D52CD2F-2CF1-4041-B144-CAF55BCDC32E}.Debug|x86.Build.0 = Debug|Any CPU
		{2D52CD2F-2CF1-4041-B144-CAF55BCDC32E}.Release|Any CPU.ActiveCfg = Release|Any CPU
		{2D52CD2F-2CF1-4041-B144-CAF55BCDC32E}.Release|Any CPU.Build.0 = Release|Any CPU
		{2D52CD2F-2CF1-4041-B144-CAF55BCDC32E}.Release|x64.ActiveCfg = Release|Any CPU
		{2D52CD2F-2CF1-4041-B144-CAF55BCDC32E}.Release|x64.Build.0 = Release|Any CPU
		{2D52CD2F-2CF1-4041-B144-CAF55BCDC32E}.Release|x86.ActiveCfg = Release|Any CPU
		{2D52CD2F-2CF1-4041-B144-CAF55BCDC32E}.Release|x86.Build.0 = Release|Any CPU
	EndGlobalSection
	GlobalSection(SolutionProperties) = preSolution
		HideSolutionNode = FALSE
	EndGlobalSection
	GlobalSection(NestedProjects) = preSolution
		{93317456-EB1E-44A7-8AC0-E8F6AE67DE62} = {827E0CD3-B72D-47B6-A68D-7590B98EB39B}
		{2D5A7305-36AA-4A53-8A5F-82F4C82D3C9B} = {827E0CD3-B72D-47B6-A68D-7590B98EB39B}
		{71B014C5-8195-49E4-B0C1-04C82BA4EA00} = {827E0CD3-B72D-47B6-A68D-7590B98EB39B}
		{C6E6040D-7BF9-4FD4-84DB-0D96F22325D9} = {827E0CD3-B72D-47B6-A68D-7590B98EB39B}
		{2D52CD2F-2CF1-4041-B144-CAF55BCDC32E} = {827E0CD3-B72D-47B6-A68D-7590B98EB39B}
	EndGlobalSection
EndGlobal
